
Microsoft Visual Studio Solution File, Format Version 12.00
# Visual Studio Version 17
VisualStudioVersion = 17.0.31423.177
MinimumVisualStudioVersion = 10.0.40219.1
Project("{9A19103F-16F7-4668-BE54-9A1E7A4F7556}") = "Noisrev.League.IO.RST", "src\Noisrev.League.IO.RST\Noisrev.League.IO.RST.csproj", "{794101B4-1AA1-44C1-87E0-DCAC4CB905BC}"
EndProject
Project("{9A19103F-16F7-4668-BE54-9A1E7A4F7556}") = "Noisrev.League.IO.RST.BenchmarkTest", "src\Noisrev.League.IO.RST.BenchmarkTest\Noisrev.League.IO.RST.BenchmarkTest.csproj", "{B9802500-30BE-4588-9160-7A33810227CA}"
EndProject
Global
	GlobalSection(SolutionConfigurationPlatforms) = preSolution
		Debug|Any CPU = Debug|Any CPU
		Release|Any CPU = Release|Any CPU
	EndGlobalSection
	GlobalSection(ProjectConfigurationPlatforms) = postSolution
		{794101B4-1AA1-44C1-87E0-DCAC4CB905BC}.Debug|Any CPU.ActiveCfg = Debug|Any CPU
		{794101B4-1AA1-44C1-87E0-DCAC4CB905BC}.Debug|Any CPU.Build.0 = Debug|Any CPU
		{794101B4-1AA1-44C1-87E0-DCAC4CB905BC}.Release|Any CPU.ActiveCfg = Release|Any CPU
		{794101B4-1AA1-44C1-87E0-DCAC4CB905BC}.Release|Any CPU.Build.0 = Release|Any CPU
		{B9802500-30BE-4588-9160-7A33810227CA}.Debug|Any CPU.ActiveCfg = Debug|Any CPU
		{B9802500-30BE-4588-9160-7A33810227CA}.Debug|Any CPU.Build.0 = Debug|Any CPU
		{B9802500-30BE-4588-9160-7A33810227CA}.Release|Any CPU.ActiveCfg = Release|Any CPU
		{B9802500-30BE-4588-9160-7A33810227CA}.Release|Any CPU.Build.0 = Release|Any CPU
	EndGlobalSection
	GlobalSection(SolutionProperties) = preSolution
		HideSolutionNode = FALSE
	EndGlobalSection
	GlobalSection(ExtensibilityGlobals) = postSolution
		SolutionGuid = {F05F780C-A789-4C78-89D3-7F91A4A03261}
	EndGlobalSection
EndGlobal
